
Microsoft Visual Studio Solution File, Format Version 12.00
# Visual Studio Version 16
VisualStudioVersion = 16.0.30517.126
MinimumVisualStudioVersion = 10.0.40219.1
Project("{9A19103F-16F7-4668-BE54-9A1E7A4F7556}") = "Studio 2", "Studio 2\Studio 2.csproj", "{40CE9FB1-26EC-4FBD-80F9-1363F6E60080}"
EndProject
Global
	GlobalSection(SolutionConfigurationPlatforms) = preSolution
		Debug|Any CPU = Debug|Any CPU
		Release|Any CPU = Release|Any CPU
	EndGlobalSection
	GlobalSection(ProjectConfigurationPlatforms) = postSolution
		{40CE9FB1-26EC-4FBD-80F9-1363F6E60080}.Debug|Any CPU.ActiveCfg = Debug|Any CPU
		{40CE9FB1-26EC-4FBD-80F9-1363F6E60080}.Debug|Any CPU.Build.0 = Debug|Any CPU
		{40CE9FB1-26EC-4FBD-80F9-1363F6E60080}.Release|Any CPU.ActiveCfg = Release|Any CPU
		{40CE9FB1-26EC-4FBD-80F9-1363F6E60080}.Release|Any CPU.Build.0 = Release|Any CPU
	EndGlobalSection
	GlobalSection(SolutionProperties) = preSolution
		HideSolutionNode = FALSE
	EndGlobalSection
	GlobalSection(ExtensibilityGlobals) = postSolution
		SolutionGuid = {92B86836-9A7F-40FE-B370-DCA6BC2864E2}
	EndGlobalSection
EndGlobal
